lockfileVersion: 5.4

specifiers:
  husky: 8.0.3
  lint-staged: 13.1.1
  markdownlint-cli2: 0.6.0
  markdownlint-rule-search-replace: 1.0.9
  prettier: 2.8.4

dependencies:
  husky: registry.npmmirror.com/husky/8.0.3
  lint-staged: registry.npmmirror.com/lint-staged/13.1.1
  markdownlint-cli2: registry.npmmirror.com/markdownlint-cli2/0.6.0
  markdownlint-rule-search-replace: registry.npmmirror.com/markdownlint-rule-search-replace/1.0.9
  prettier: registry.npmmirror.com/prettier/2.8.4

packages:

  registry.npmmirror.com/@nodelib/fs.scandir/2.1.5:
    resolution: {integrity: sha512-vq24Bq3ym5HEQm2NKCr3yXDwjc7vTsEThRDnkp2DK9p1uqLR+DHurm/NOTo0KG7HYHU7eppKZj3MyqYuMBf62g==, registry: https://registry.npm.taobao.org/, tarball: https://registry.npmmirror.com/@nodelib/fs.scandir/-/fs.scandir-2.1.5.tgz}
    name: '@nodelib/fs.scandir'
    version: 2.1.5
    engines: {node: '>= 8'}
    dependencies:
      '@nodelib/fs.stat': registry.npmmirror.com/@nodelib/fs.stat/2.0.5
      run-parallel: registry.npmmirror.com/run-parallel/1.2.0
    dev: false

  registry.npmmirror.com/@nodelib/fs.stat/2.0.5:
    resolution: {integrity: sha512-RkhPPp2zrqDAQA/2jNhnztcPAlv64XdhIp7a7454A5ovI7Bukxgt7MX7udwAu3zg1DcpPU0rz3VV1SeaqvY4+A==, registry: https://registry.npm.taobao.org/, tarball: https://registry.npmmirror.com/@nodelib/fs.stat/-/fs.stat-2.0.5.tgz}
    name: '@nodelib/fs.stat'
    version: 2.0.5
    engines: {node: '>= 8'}
    dev: false

  registry.npmmirror.com/@nodelib/fs.walk/1.2.8:
    resolution: {integrity: sha512-oGB+UxlgWcgQkgwo8GcEGwemoTFt3FIO9ababBmaGwXIoBKZ+GTy0pP185beGg7Llih/NSHSV2XAs1lnznocSg==, registry: https://registry.npm.taobao.org/, tarball: https://registry.npmmirror.com/@nodelib/fs.walk/-/fs.walk-1.2.8.tgz}
    name: '@nodelib/fs.walk'
    version: 1.2.8
    engines: {node: '>= 8'}
    dependencies:
      '@nodelib/fs.scandir': registry.npmmirror.com/@nodelib/fs.scandir/2.1.5
      fastq: registry.npmmirror.com/fastq/1.15.0
    dev: false

  registry.npmmirror.com/aggregate-error/3.1.0:
    resolution: {integrity: sha512-4I7Td01quW/RpocfNayFdFVk1qSuoh0E7JrbRJ16nH01HhKFQ88INq9Sd+nd72zqRySlr9BmDA8xlEJ6vJMrYA==, registry: https://registry.npm.taobao.org/, tarball: https://registry.npmmirror.com/aggregate-error/-/aggregate-error-3.1.0.tgz}
    name: aggregate-error
    version: 3.1.0
    engines: {node: '>=8'}
    dependencies:
      clean-stack: registry.npmmirror.com/clean-stack/2.2.0
      indent-string: registry.npmmirror.com/indent-string/4.0.0
    dev: false

  registry.npmmirror.com/ansi-escapes/4.3.2:
    resolution: {integrity: sha512-gKXj5ALrKWQLsYG9jlTRmR/xKluxHV+Z9QEwNIgCfM1/uwPMCuzVVnh5mwTd+OuBZcwSIMbqssNWRm1lE51QaQ==, registry: https://registry.npm.taobao.org/, tarball: https://registry.npmmirror.com/ansi-escapes/-/ansi-escapes-4.3.2.tgz}
    name: ansi-escapes
    version: 4.3.2
    engines: {node: '>=8'}
    dependencies:
      type-fest: registry.npmmirror.com/type-fest/0.21.3
    dev: false

  registry.npmmirror.com/ansi-regex/5.0.1:
    resolution: {integrity: sha512-quJQXlTSUGL2LH9SUXo8VwsY4soanhgo6LNSm84E1LBcE8s3O0wpdiRzyR9z/ZZJMlMWv37qOOb9pdJlMUEKFQ==, registry: https://registry.npm.taobao.org/, tarball: https://registry.npmmirror.com/ansi-regex/-/ansi-regex-5.0.1.tgz}
    name: ansi-regex
    version: 5.0.1
    engines: {node: '>=8'}
    dev: false

  registry.npmmirror.com/ansi-regex/6.0.1:
    resolution: {integrity: sha512-n5M855fKb2SsfMIiFFoVrABHJC8QtHwVx+mHWP3QcEqBHYienj5dHSgjbxtC0WEZXYt4wcD6zrQElDPhFuZgfA==, registry: https://registry.npm.taobao.org/, tarball: https://registry.npmmirror.com/ansi-regex/-/ansi-regex-6.0.1.tgz}
    name: ansi-regex
    version: 6.0.1
    engines: {node: '>=12'}
    dev: false

  registry.npmmirror.com/ansi-styles/4.3.0:
    resolution: {integrity: sha512-zbB9rCJAT1rbjiVDb2hqKFHNYLxgtk8NURxZ3IZwD3F6NtxbXZQCnnSi1Lkx+IDohdPlFp222wVALIheZJQSEg==, registry: https://registry.npm.taobao.org/, tarball: https://registry.npmmirror.com/ansi-styles/-/ansi-styles-4.3.0.tgz}
    name: ansi-styles
    version: 4.3.0
    engines: {node: '>=8'}
    dependencies:
      color-convert: registry.npmmirror.com/color-convert/2.0.1
    dev: false

  registry.npmmirror.com/ansi-styles/6.2.1:
    resolution: {integrity: sha512-bN798gFfQX+viw3R7yrGWRqnrN2oRkEkUjjl4JNn4E8GxxbjtG3FbrEIIY3l8/hrwUwIeCZvi4QuOTP4MErVug==, registry: https://registry.npm.taobao.org/, tarball: https://registry.npmmirror.com/ansi-styles/-/ansi-styles-6.2.1.tgz}
    name: ansi-styles
    version: 6.2.1
    engines: {node: '>=12'}
    dev: false

  registry.npmmirror.com/argparse/2.0.1:
    resolution: {integrity: sha512-8+9WqebbFzpX9OR+Wa6O29asIogeRMzcGtAINdpMHHyAg10f05aSFVBbcEqGf/PXw1EjAZ+q2/bEBg3DvurK3Q==, registry: https://registry.npm.taobao.org/, tarball: https://registry.npmmirror.com/argparse/-/argparse-2.0.1.tgz}
    name: argparse
    version: 2.0.1
    dev: false

  registry.npmmirror.com/astral-regex/2.0.0:
    resolution: {integrity: sha512-Z7tMw1ytTXt5jqMcOP+OQteU1VuNK9Y02uuJtKQ1Sv69jXQKKg5cibLwGJow8yzZP+eAc18EmLGPal0bp36rvQ==, registry: https://registry.npm.taobao.org/, tarball: https://registry.npmmirror.com/astral-regex/-/astral-regex-2.0.0.tgz}
    name: astral-regex
    version: 2.0.0
    engines: {node: '>=8'}
    dev: false

  registry.npmmirror.com/braces/3.0.2:
    resolution: {integrity: sha512-b8um+L1RzM3WDSzvhm6gIz1yfTbBt6YTlcEKAvsmqCZZFw46z626lVj9j1yEPW33H5H+lBQpZMP1k8l+78Ha0A==, registry: https://registry.npm.taobao.org/, tarball: https://registry.npmmirror.com/braces/-/braces-3.0.2.tgz}
    name: braces
    version: 3.0.2
    engines: {node: '>=8'}
    dependencies:
      fill-range: registry.npmmirror.com/fill-range/7.0.1
    dev: false

  registry.npmmirror.com/clean-stack/2.2.0:
    resolution: {integrity: sha512-4diC9HaTE+KRAMWhDhrGOECgWZxoevMc5TlkObMqNSsVU62PYzXZ/SMTjzyGAFF1YusgxGcSWTEXBhp0CPwQ1A==, registry: https://registry.npm.taobao.org/, tarball: https://registry.npmmirror.com/clean-stack/-/clean-stack-2.2.0.tgz}
    name: clean-stack
    version: 2.2.0
    engines: {node: '>=6'}
    dev: false

  registry.npmmirror.com/cli-cursor/3.1.0:
    resolution: {integrity: sha512-I/zHAwsKf9FqGoXM4WWRACob9+SNukZTd94DWF57E4toouRulbCxcUh6RKUEOQlYTHJnzkPMySvPNaaSLNfLZw==, registry: https://registry.npm.taobao.org/, tarball: https://registry.npmmirror.com/cli-cursor/-/cli-cursor-3.1.0.tgz}
    name: cli-cursor
    version: 3.1.0
    engines: {node: '>=8'}
    dependencies:
      restore-cursor: registry.npmmirror.com/restore-cursor/3.1.0
    dev: false

  registry.npmmirror.com/cli-truncate/2.1.0:
    resolution: {integrity: sha512-n8fOixwDD6b/ObinzTrp1ZKFzbgvKZvuz/TvejnLn1aQfC6r52XEx85FmuC+3HI+JM7coBRXUvNqEU2PHVrHpg==, registry: https://registry.npm.taobao.org/, tarball: https://registry.npmmirror.com/cli-truncate/-/cli-truncate-2.1.0.tgz}
    name: cli-truncate
    version: 2.1.0
    engines: {node: '>=8'}
    dependencies:
      slice-ansi: registry.npmmirror.com/slice-ansi/3.0.0
      string-width: registry.npmmirror.com/string-width/4.2.3
    dev: false

  registry.npmmirror.com/cli-truncate/3.1.0:
    resolution: {integrity: sha512-wfOBkjXteqSnI59oPcJkcPl/ZmwvMMOj340qUIY1SKZCv0B9Cf4D4fAucRkIKQmsIuYK3x1rrgU7MeGRruiuiA==, registry: https://registry.npm.taobao.org/, tarball: https://registry.npmmirror.com/cli-truncate/-/cli-truncate-3.1.0.tgz}
    name: cli-truncate
    version: 3.1.0
    engines: {node: ^12.20.0 || ^14.13.1 || >=16.0.0}
    dependencies:
      slice-ansi: registry.npmmirror.com/slice-ansi/5.0.0
      string-width: registry.npmmirror.com/string-width/5.1.2
    dev: false

  registry.npmmirror.com/color-convert/2.0.1:
    resolution: {integrity: sha512-RRECPsj7iu/xb5oKYcsFHSppFNnsj/52OVTRKb4zP5onXwVF3zVmmToNcOfGC+CRDpfK/U584fMg38ZHCaElKQ==, registry: https://registry.npm.taobao.org/, tarball: https://registry.npmmirror.com/color-convert/-/color-convert-2.0.1.tgz}
    name: color-convert
    version: 2.0.1
    engines: {node: '>=7.0.0'}
    dependencies:
      color-name: registry.npmmirror.com/color-name/1.1.4
    dev: false

  registry.npmmirror.com/color-name/1.1.4:
    resolution: {integrity: sha512-dOy+3AuW3a2wNbZHIuMZpTcgjGuLU/uBL/ubcZF9OXbDo8ff4O8yVp5Bf0efS8uEoYo5q4Fx7dY9OgQGXgAsQA==, registry: https://registry.npm.taobao.org/, tarball: https://registry.npmmirror.com/color-name/-/color-name-1.1.4.tgz}
    name: color-name
    version: 1.1.4
    dev: false

  registry.npmmirror.com/colorette/2.0.19:
    resolution: {integrity: sha512-3tlv/dIP7FWvj3BsbHrGLJ6l/oKh1O3TcgBqMn+yyCagOxc23fyzDS6HypQbgxWbkpDnf52p1LuR4eWDQ/K9WQ==, registry: https://registry.npm.taobao.org/, tarball: https://registry.npmmirror.com/colorette/-/colorette-2.0.19.tgz}
    name: colorette
    version: 2.0.19
    dev: false

  registry.npmmirror.com/commander/9.5.0:
    resolution: {integrity: sha512-KRs7WVDKg86PWiuAqhDrAQnTXZKraVcCc6vFdL14qrZ/DcWwuRo7VoiYXalXO7S5GKpqYiVEwCbgFDfxNHKJBQ==, registry: https://registry.npm.taobao.org/, tarball: https://registry.npmmirror.com/commander/-/commander-9.5.0.tgz}
    name: commander
    version: 9.5.0
    engines: {node: ^12.20.0 || >=14}
    dev: false

  registry.npmmirror.com/cross-spawn/7.0.3:
    resolution: {integrity: sha512-iRDPJKUPVEND7dHPO8rkbOnPpyDygcDFtWjpeWNCgy8WP2rXcxXL8TskReQl6OrB2G7+UJrags1q15Fudc7G6w==, registry: https://registry.npm.taobao.org/, tarball: https://registry.npmmirror.com/cross-spawn/-/cross-spawn-7.0.3.tgz}
    name: cross-spawn
    version: 7.0.3
    engines: {node: '>= 8'}
    dependencies:
      path-key: registry.npmmirror.com/path-key/3.1.1
      shebang-command: registry.npmmirror.com/shebang-command/2.0.0
      which: registry.npmmirror.com/which/2.0.2
    dev: false

  registry.npmmirror.com/debug/4.3.4:
    resolution: {integrity: sha512-PRWFHuSU3eDtQJPvnNY7Jcket1j0t5OuOsFzPPzsekD52Zl8qUfFIPEiswXqIvHWGVHOgX+7G/vCNNhehwxfkQ==, registry: https://registry.npm.taobao.org/, tarball: https://registry.npmmirror.com/debug/-/debug-4.3.4.tgz}
    name: debug
    version: 4.3.4
    engines: {node: '>=6.0'}
    peerDependencies:
      supports-color: '*'
    peerDependenciesMeta:
      supports-color:
        optional: true
    dependencies:
      ms: registry.npmmirror.com/ms/2.1.2
    dev: false

  registry.npmmirror.com/dir-glob/3.0.1:
    resolution: {integrity: sha512-WkrWp9GR4KXfKGYzOLmTuGVi1UWFfws377n9cc55/tb6DuqyF6pcQ5AbiHEshaDpY9v6oaSr2XCDidGmMwdzIA==, registry: https://registry.npm.taobao.org/, tarball: https://registry.npmmirror.com/dir-glob/-/dir-glob-3.0.1.tgz}
    name: dir-glob
    version: 3.0.1
    engines: {node: '>=8'}
    dependencies:
      path-type: registry.npmmirror.com/path-type/4.0.0
    dev: false

  registry.npmmirror.com/eastasianwidth/0.2.0:
    resolution: {integrity: sha512-I88TYZWc9XiYHRQ4/3c5rjjfgkjhLyW2luGIheGERbNQ6OY7yTybanSpDXZa8y7VUP9YmDcYa+eyq4ca7iLqWA==, registry: https://registry.npm.taobao.org/, tarball: https://registry.npmmirror.com/eastasianwidth/-/eastasianwidth-0.2.0.tgz}
    name: eastasianwidth
    version: 0.2.0
    dev: false

  registry.npmmirror.com/emoji-regex/8.0.0:
    resolution: {integrity: sha512-MSjYzcWNOA0ewAHpz0MxpYFvwg6yjy1NG3xteoqz644VCo/RPgnr1/GGt+ic3iJTzQ8Eu3TdM14SawnVUmGE6A==, registry: https://registry.npm.taobao.org/, tarball: https://registry.npmmirror.com/emoji-regex/-/emoji-regex-8.0.0.tgz}
    name: emoji-regex
    version: 8.0.0
    dev: false

  registry.npmmirror.com/emoji-regex/9.2.2:
    resolution: {integrity: sha512-L18DaJsXSUk2+42pv8mLs5jJT2hqFkFE4j21wOmgbUqsZ2hL72NsUU785g9RXgo3s0ZNgVl42TiHp3ZtOv/Vyg==, registry: https://registry.npm.taobao.org/, tarball: https://registry.npmmirror.com/emoji-regex/-/emoji-regex-9.2.2.tgz}
    name: emoji-regex
    version: 9.2.2
    dev: false

  registry.npmmirror.com/entities/3.0.1:
    resolution: {integrity: sha512-WiyBqoomrwMdFG1e0kqvASYfnlb0lp8M5o5Fw2OFq1hNZxxcNk8Ik0Xm7LxzBhuidnZB/UtBqVCgUz3kBOP51Q==, registry: https://registry.npm.taobao.org/, tarball: https://registry.npmmirror.com/entities/-/entities-3.0.1.tgz}
    name: entities
    version: 3.0.1
    engines: {node: '>=0.12'}
    dev: false

  registry.npmmirror.com/execa/6.1.0:
    resolution: {integrity: sha512-QVWlX2e50heYJcCPG0iWtf8r0xjEYfz/OYLGDYH+IyjWezzPNxz63qNFOu0l4YftGWuizFVZHHs8PrLU5p2IDA==, registry: https://registry.npm.taobao.org/, tarball: https://registry.npmmirror.com/execa/-/execa-6.1.0.tgz}
    name: execa
    version: 6.1.0
    engines: {node: ^12.20.0 || ^14.13.1 || >=16.0.0}
    dependencies:
      cross-spawn: registry.npmmirror.com/cross-spawn/7.0.3
      get-stream: registry.npmmirror.com/get-stream/6.0.1
      human-signals: registry.npmmirror.com/human-signals/3.0.1
      is-stream: registry.npmmirror.com/is-stream/3.0.0
      merge-stream: registry.npmmirror.com/merge-stream/2.0.0
      npm-run-path: registry.npmmirror.com/npm-run-path/5.1.0
      onetime: registry.npmmirror.com/onetime/6.0.0
      signal-exit: registry.npmmirror.com/signal-exit/3.0.7
      strip-final-newline: registry.npmmirror.com/strip-final-newline/3.0.0
    dev: false

  registry.npmmirror.com/fast-glob/3.2.12:
    resolution: {integrity: sha512-DVj4CQIYYow0BlaelwK1pHl5n5cRSJfM60UA0zK891sVInoPri2Ekj7+e1CT3/3qxXenpI+nBBmQAcJPJgaj4w==, registry: https://registry.npm.taobao.org/, tarball: https://registry.npmmirror.com/fast-glob/-/fast-glob-3.2.12.tgz}
    name: fast-glob
    version: 3.2.12
    engines: {node: '>=8.6.0'}
    dependencies:
      '@nodelib/fs.stat': registry.npmmirror.com/@nodelib/fs.stat/2.0.5
      '@nodelib/fs.walk': registry.npmmirror.com/@nodelib/fs.walk/1.2.8
      glob-parent: registry.npmmirror.com/glob-parent/5.1.2
      merge2: registry.npmmirror.com/merge2/1.4.1
      micromatch: registry.npmmirror.com/micromatch/4.0.5
    dev: false

  registry.npmmirror.com/fastq/1.15.0:
    resolution: {integrity: sha512-wBrocU2LCXXa+lWBt8RoIRD89Fi8OdABODa/kEnyeyjS5aZO5/GNvI5sEINADqP/h8M29UHTHUb53sUu5Ihqdw==, registry: https://registry.npm.taobao.org/, tarball: https://registry.npmmirror.com/fastq/-/fastq-1.15.0.tgz}
    name: fastq
    version: 1.15.0
    dependencies:
      reusify: registry.npmmirror.com/reusify/1.0.4
    dev: false

  registry.npmmirror.com/fill-range/7.0.1:
    resolution: {integrity: sha512-qOo9F+dMUmC2Lcb4BbVvnKJxTPjCm+RRpe4gDuGrzkL7mEVl/djYSu2OdQ2Pa302N4oqkSg9ir6jaLWJ2USVpQ==, registry: https://registry.npm.taobao.org/, tarball: https://registry.npmmirror.com/fill-range/-/fill-range-7.0.1.tgz}
    name: fill-range
    version: 7.0.1
    engines: {node: '>=8'}
    dependencies:
      to-regex-range: registry.npmmirror.com/to-regex-range/5.0.1
    dev: false

  registry.npmmirror.com/get-stream/6.0.1:
    resolution: {integrity: sha512-ts6Wi+2j3jQjqi70w5AlN8DFnkSwC+MqmxEzdEALB2qXZYV3X/b1CTfgPLGJNMeAWxdPfU8FO1ms3NUfaHCPYg==, registry: https://registry.npm.taobao.org/, tarball: https://registry.npmmirror.com/get-stream/-/get-stream-6.0.1.tgz}
    name: get-stream
    version: 6.0.1
    engines: {node: '>=10'}
    dev: false

  registry.npmmirror.com/glob-parent/5.1.2:
    resolution: {integrity: sha512-AOIgSQCepiJYwP3ARnGx+5VnTu2HBYdzbGP45eLw1vr3zB3vZLeyed1sC9hnbcOc9/SrMyM5RPQrkGz4aS9Zow==, registry: https://registry.npm.taobao.org/, tarball: https://registry.npmmirror.com/glob-parent/-/glob-parent-5.1.2.tgz}
    name: glob-parent
    version: 5.1.2
    engines: {node: '>= 6'}
    dependencies:
      is-glob: registry.npmmirror.com/is-glob/4.0.3
    dev: false

  registry.npmmirror.com/globby/13.1.3:
    resolution: {integrity: sha512-8krCNHXvlCgHDpegPzleMq07yMYTO2sXKASmZmquEYWEmCx6J5UTRbp5RwMJkTJGtcQ44YpiUYUiN0b9mzy8Bw==, registry: https://registry.npm.taobao.org/, tarball: https://registry.npmmirror.com/globby/-/globby-13.1.3.tgz}
    name: globby
    version: 13.1.3
    engines: {node: ^12.20.0 || ^14.13.1 || >=16.0.0}
    dependencies:
      dir-glob: registry.npmmirror.com/dir-glob/3.0.1
      fast-glob: registry.npmmirror.com/fast-glob/3.2.12
      ignore: registry.npmmirror.com/ignore/5.2.4
      merge2: registry.npmmirror.com/merge2/1.4.1
      slash: registry.npmmirror.com/slash/4.0.0
    dev: false

  registry.npmmirror.com/human-signals/3.0.1:
    resolution: {integrity: sha512-rQLskxnM/5OCldHo+wNXbpVgDn5A17CUoKX+7Sokwaknlq7CdSnphy0W39GU8dw59XiCXmFXDg4fRuckQRKewQ==, registry: https://registry.npm.taobao.org/, tarball: https://registry.npmmirror.com/human-signals/-/human-signals-3.0.1.tgz}
    name: human-signals
    version: 3.0.1
    engines: {node: '>=12.20.0'}
    dev: false

  registry.npmmirror.com/husky/8.0.3:
    resolution: {integrity: sha512-+dQSyqPh4x1hlO1swXBiNb2HzTDN1I2IGLQx1GrBuiqFJfoMrnZWwVmatvSiO+Iz8fBUnf+lekwNo4c2LlXItg==, registry: https://registry.npm.taobao.org/, tarball: https://registry.npmmirror.com/husky/-/husky-8.0.3.tgz}
    name: husky
    version: 8.0.3
    engines: {node: '>=14'}
    hasBin: true
    dev: false

  registry.npmmirror.com/ignore/5.2.4:
    resolution: {integrity: sha512-MAb38BcSbH0eHNBxn7ql2NH/kX33OkB3lZ1BNdh7ENeRChHTYsTvWrMubiIAMNS2llXEEgZ1MUOBtXChP3kaFQ==, registry: https://registry.npm.taobao.org/, tarball: https://registry.npmmirror.com/ignore/-/ignore-5.2.4.tgz}
    name: ignore
    version: 5.2.4
    engines: {node: '>= 4'}
    dev: false

  registry.npmmirror.com/indent-string/4.0.0:
    resolution: {integrity: sha512-EdDDZu4A2OyIK7Lr/2zG+w5jmbuk1DVBnEwREQvBzspBJkCEbRa8GxU1lghYcaGJCnRWibjDXlq779X1/y5xwg==, registry: https://registry.npm.taobao.org/, tarball: https://registry.npmmirror.com/indent-string/-/indent-string-4.0.0.tgz}
    name: indent-string
    version: 4.0.0
    engines: {node: '>=8'}
    dev: false

  registry.npmmirror.com/is-extglob/2.1.1:
    resolution: {integrity: sha512-SbKbANkN603Vi4jEZv49LeVJMn4yGwsbzZworEoyEiutsN3nJYdbO36zfhGJ6QEDpOZIFkDtnq5JRxmvl3jsoQ==, registry: https://registry.npm.taobao.org/, tarball: https://registry.npmmirror.com/is-extglob/-/is-extglob-2.1.1.tgz}
    name: is-extglob
    version: 2.1.1
    engines: {node: '>=0.10.0'}
    dev: false

  registry.npmmirror.com/is-fullwidth-code-point/3.0.0:
    resolution: {integrity: sha512-zymm5+u+sCsSWyD9qNaejV3DFvhCKclKdizYaJUuHA83RLjb7nSuGnddCHGv0hk+KY7BMAlsWeK4Ueg6EV6XQg==, registry: https://registry.npm.taobao.org/, tarball: https://registry.npmmirror.com/is-fullwidth-code-point/-/is-fullwidth-code-point-3.0.0.tgz}
    name: is-fullwidth-code-point
    version: 3.0.0
    engines: {node: '>=8'}
    dev: false

  registry.npmmirror.com/is-fullwidth-code-point/4.0.0:
    resolution: {integrity: sha512-O4L094N2/dZ7xqVdrXhh9r1KODPJpFms8B5sGdJLPy664AgvXsreZUyCQQNItZRDlYug4xStLjNp/sz3HvBowQ==, registry: https://registry.npm.taobao.org/, tarball: https://registry.npmmirror.com/is-fullwidth-code-point/-/is-fullwidth-code-point-4.0.0.tgz}
    name: is-fullwidth-code-point
    version: 4.0.0
    engines: {node: '>=12'}
    dev: false

  registry.npmmirror.com/is-glob/4.0.3:
    resolution: {integrity: sha512-xelSayHH36ZgE7ZWhli7pW34hNbNl8Ojv5KVmkJD4hBdD3th8Tfk9vYasLM+mXWOZhFkgZfxhLSnrwRr4elSSg==, registry: https://registry.npm.taobao.org/, tarball: https://registry.npmmirror.com/is-glob/-/is-glob-4.0.3.tgz}
    name: is-glob
    version: 4.0.3
    engines: {node: '>=0.10.0'}
    dependencies:
      is-extglob: registry.npmmirror.com/is-extglob/2.1.1
    dev: false

  registry.npmmirror.com/is-number/7.0.0:
    resolution: {integrity: sha512-41Cifkg6e8TylSpdtTpeLVMqvSBEVzTttHvERD741+pnZ8ANv0004MRL43QKPDlK9cGvNp6NZWZUBlbGXYxxng==, registry: https://registry.npm.taobao.org/, tarball: https://registry.npmmirror.com/is-number/-/is-number-7.0.0.tgz}
    name: is-number
    version: 7.0.0
    engines: {node: '>=0.12.0'}
    dev: false

  registry.npmmirror.com/is-stream/3.0.0:
    resolution: {integrity: sha512-LnQR4bZ9IADDRSkvpqMGvt/tEJWclzklNgSw48V5EAaAeDd6qGvN8ei6k5p0tvxSR171VmGyHuTiAOfxAbr8kA==, registry: https://registry.npm.taobao.org/, tarball: https://registry.npmmirror.com/is-stream/-/is-stream-3.0.0.tgz}
    name: is-stream
    version: 3.0.0
    engines: {node: ^12.20.0 || ^14.13.1 || >=16.0.0}
    dev: false

  registry.npmmirror.com/isexe/2.0.0:
    resolution: {integrity: sha512-RHxMLp9lnKHGHRng9QFhRCMbYAcVpn69smSGcq3f36xjgVVWThj4qqLbTLlq7Ssj8B+fIQ1EuCEGI2lKsyQeIw==, registry: https://registry.npm.taobao.org/, tarball: https://registry.npmmirror.com/isexe/-/isexe-2.0.0.tgz}
    name: isexe
    version: 2.0.0
    dev: false

  registry.npmmirror.com/lilconfig/2.0.6:
    resolution: {integrity: sha512-9JROoBW7pobfsx+Sq2JsASvCo6Pfo6WWoUW79HuB1BCoBXD4PLWJPqDF6fNj67pqBYTbAHkE57M1kS/+L1neOg==, registry: https://registry.npm.taobao.org/, tarball: https://registry.npmmirror.com/lilconfig/-/lilconfig-2.0.6.tgz}
    name: lilconfig
    version: 2.0.6
    engines: {node: '>=10'}
    dev: false

  registry.npmmirror.com/linkify-it/4.0.1:
    resolution: {integrity: sha512-C7bfi1UZmoj8+PQx22XyeXCuBlokoyWQL5pWSP+EI6nzRylyThouddufc2c1NDIcP9k5agmN9fLpA7VNJfIiqw==, registry: https://registry.npm.taobao.org/, tarball: https://registry.npmmirror.com/linkify-it/-/linkify-it-4.0.1.tgz}
    name: linkify-it
    version: 4.0.1
    dependencies:
      uc.micro: registry.npmmirror.com/uc.micro/1.0.6
    dev: false

  registry.npmmirror.com/lint-staged/13.1.1:
    resolution: {integrity: sha512-LLJLO0Kdbcv2a+CvSF4p1M7jBZOajKSMpBUvyR8+bXccsqPER0/NxTFQSpNHjqwV9kM3tkHczYerTB5wI+bksQ==, registry: https://registry.npm.taobao.org/, tarball: https://registry.npmmirror.com/lint-staged/-/lint-staged-13.1.1.tgz}
    name: lint-staged
    version: 13.1.1
    engines: {node: ^14.13.1 || >=16.0.0}
    hasBin: true
    dependencies:
      cli-truncate: registry.npmmirror.com/cli-truncate/3.1.0
      colorette: registry.npmmirror.com/colorette/2.0.19
      commander: registry.npmmirror.com/commander/9.5.0
      debug: registry.npmmirror.com/debug/4.3.4
      execa: registry.npmmirror.com/execa/6.1.0
      lilconfig: registry.npmmirror.com/lilconfig/2.0.6
      listr2: registry.npmmirror.com/listr2/5.0.7
      micromatch: registry.npmmirror.com/micromatch/4.0.5
      normalize-path: registry.npmmirror.com/normalize-path/3.0.0
      object-inspect: registry.npmmirror.com/object-inspect/1.12.3
      pidtree: registry.npmmirror.com/pidtree/0.6.0
      string-argv: registry.npmmirror.com/string-argv/0.3.1
      yaml: registry.npmmirror.com/yaml/2.2.1
    transitivePeerDependencies:
      - enquirer
      - supports-color
    dev: false

  registry.npmmirror.com/listr2/5.0.7:
    resolution: {integrity: sha512-MD+qXHPmtivrHIDRwPYdfNkrzqDiuaKU/rfBcec3WMyMF3xylQj3jMq344OtvQxz7zaCFViRAeqlr2AFhPvXHw==, registry: https://registry.npm.taobao.org/, tarball: https://registry.npmmirror.com/listr2/-/listr2-5.0.7.tgz}
    name: listr2
    version: 5.0.7
    engines: {node: ^14.13.1 || >=16.0.0}
    peerDependencies:
      enquirer: '>= 2.3.0 < 3'
    peerDependenciesMeta:
      enquirer:
        optional: true
    dependencies:
      cli-truncate: registry.npmmirror.com/cli-truncate/2.1.0
      colorette: registry.npmmirror.com/colorette/2.0.19
      log-update: registry.npmmirror.com/log-update/4.0.0
      p-map: registry.npmmirror.com/p-map/4.0.0
      rfdc: registry.npmmirror.com/rfdc/1.3.0
      rxjs: registry.npmmirror.com/rxjs/7.8.0
      through: registry.npmmirror.com/through/2.3.8
      wrap-ansi: registry.npmmirror.com/wrap-ansi/7.0.0
    dev: false

  registry.npmmirror.com/log-update/4.0.0:
    resolution: {integrity: sha512-9fkkDevMefjg0mmzWFBW8YkFP91OrizzkW3diF7CpG+S2EYdy4+TVfGwz1zeF8x7hCx1ovSPTOE9Ngib74qqUg==, registry: https://registry.npm.taobao.org/, tarball: https://registry.npmmirror.com/log-update/-/log-update-4.0.0.tgz}
    name: log-update
    version: 4.0.0
    engines: {node: '>=10'}
    dependencies:
      ansi-escapes: registry.npmmirror.com/ansi-escapes/4.3.2
      cli-cursor: registry.npmmirror.com/cli-cursor/3.1.0
      slice-ansi: registry.npmmirror.com/slice-ansi/4.0.0
      wrap-ansi: registry.npmmirror.com/wrap-ansi/6.2.0
    dev: false

  registry.npmmirror.com/markdown-it/13.0.1:
    resolution: {integrity: sha512-lTlxriVoy2criHP0JKRhO2VDG9c2ypWCsT237eDiLqi09rmbKoUetyGHq2uOIRoRS//kfoJckS0eUzzkDR+k2Q==, registry: https://registry.npm.taobao.org/, tarball: https://registry.npmmirror.com/markdown-it/-/markdown-it-13.0.1.tgz}
    name: markdown-it
    version: 13.0.1
    hasBin: true
    dependencies:
      argparse: registry.npmmirror.com/argparse/2.0.1
      entities: registry.npmmirror.com/entities/3.0.1
      linkify-it: registry.npmmirror.com/linkify-it/4.0.1
      mdurl: registry.npmmirror.com/mdurl/1.0.1
      uc.micro: registry.npmmirror.com/uc.micro/1.0.6
    dev: false

  registry.npmmirror.com/markdownlint-cli2-formatter-default/0.0.3_markdownlint-cli2@0.6.0:
    resolution: {integrity: sha512-QEAJitT5eqX1SNboOD+SO/LNBpu4P4je8JlR02ug2cLQAqmIhh8IJnSK7AcaHBHhNADqdGydnPpQOpsNcEEqCw==, registry: https://registry.npm.taobao.org/, tarball: https://registry.npmmirror.com/markdownlint-cli2-formatter-default/-/markdownlint-cli2-formatter-default-0.0.3.tgz}
    id: registry.npmmirror.com/markdownlint-cli2-formatter-default/0.0.3
    name: markdownlint-cli2-formatter-default
    version: 0.0.3
    peerDependencies:
      markdownlint-cli2: '>=0.0.4'
    dependencies:
      markdownlint-cli2: registry.npmmirror.com/markdownlint-cli2/0.6.0
    dev: false

  registry.npmmirror.com/markdownlint-cli2/0.6.0:
    resolution: {integrity: sha512-Bv20r6WGdcHMWi8QvAFZ3CBunf4i4aYmVdTfpAvXODI/1k3f09DZZ0i0LcX9ZMhlVxjoOzbVDz1NWyKc5hwTqg==, registry: https://registry.npm.taobao.org/, tarball: https://registry.npmmirror.com/markdownlint-cli2/-/markdownlint-cli2-0.6.0.tgz}
    name: markdownlint-cli2
    version: 0.6.0
    engines: {node: '>=14.18.0'}
    hasBin: true
    dependencies:
      globby: registry.npmmirror.com/globby/13.1.3
      markdownlint: registry.npmmirror.com/markdownlint/0.27.0
      markdownlint-cli2-formatter-default: registry.npmmirror.com/markdownlint-cli2-formatter-default/0.0.3_markdownlint-cli2@0.6.0
      micromatch: registry.npmmirror.com/micromatch/4.0.5
      strip-json-comments: registry.npmmirror.com/strip-json-comments/5.0.0
      yaml: registry.npmmirror.com/yaml/2.2.1
    dev: false

  registry.npmmirror.com/markdownlint-rule-helpers/0.18.0:
    resolution: {integrity: sha512-UEdWfsoLr8ylXxfh4fzY5P6lExN+7Un7LbfqDXPlq5VLwwEDFdcZ7EMXoaEKNzncBKG/KWrt2sVt7KiCJgPyMQ==, registry: https://registry.npm.taobao.org/, tarball: https://registry.npmmirror.com/markdownlint-rule-helpers/-/markdownlint-rule-helpers-0.18.0.tgz}
    name: markdownlint-rule-helpers
    version: 0.18.0
    engines: {node: '>=14.18.0'}
    dev: false

  registry.npmmirror.com/markdownlint-rule-search-replace/1.0.9:
    resolution: {integrity: sha512-Qrd+wPvCoED1XFR1uL9PdA8ktOGDtCFHPtw7IVzh2TQbLRRHa2MY/moO9jpLj2maexVevIYH9DS0NLWdU3W1Cg==, registry: https://registry.npm.taobao.org/, tarball: https://registry.npmmirror.com/markdownlint-rule-search-replace/-/markdownlint-rule-search-replace-1.0.9.tgz}
    name: markdownlint-rule-search-replace
    version: 1.0.9
    engines: {node: '>=14'}
    dependencies:
      markdownlint-rule-helpers: registry.npmmirror.com/markdownlint-rule-helpers/0.18.0
    dev: false

  registry.npmmirror.com/markdownlint/0.27.0:
    resolution: {integrity: sha512-HtfVr/hzJJmE0C198F99JLaeada+646B5SaG2pVoEakLFI6iRGsvMqrnnrflq8hm1zQgwskEgqSnhDW11JBp0w==, registry: https://registry.npm.taobao.org/, tarball: https://registry.npmmirror.com/markdownlint/-/markdownlint-0.27.0.tgz}
    name: markdownlint
    version: 0.27.0
    engines: {node: '>=14.18.0'}
    dependencies:
      markdown-it: registry.npmmirror.com/markdown-it/13.0.1
    dev: false

  registry.npmmirror.com/mdurl/1.0.1:
    resolution: {integrity: sha512-/sKlQJCBYVY9Ers9hqzKou4H6V5UWc/M59TH2dvkt+84itfnq7uFOMLpOiOS4ujvHP4etln18fmIxA5R5fll0g==, registry: https://registry.npm.taobao.org/, tarball: https://registry.npmmirror.com/mdurl/-/mdurl-1.0.1.tgz}
    name: mdurl
    version: 1.0.1
    dev: false

  registry.npmmirror.com/merge-stream/2.0.0:
    resolution: {integrity: sha512-abv/qOcuPfk3URPfDzmZU1LKmuw8kT+0nIHvKrKgFrwifol/doWcdA4ZqsWQ8ENrFKkd67Mfpo/LovbIUsbt3w==, registry: https://registry.npm.taobao.org/, tarball: https://registry.npmmirror.com/merge-stream/-/merge-stream-2.0.0.tgz}
    name: merge-stream
    version: 2.0.0
    dev: false

  registry.npmmirror.com/merge2/1.4.1:
    resolution: {integrity: sha512-8q7VEgMJW4J8tcfVPy8g09NcQwZdbwFEqhe/WZkoIzjn/3TGDwtOCYtXGxA3O8tPzpczCCDgv+P2P5y00ZJOOg==, registry: https://registry.npm.taobao.org/, tarball: https://registry.npmmirror.com/merge2/-/merge2-1.4.1.tgz}
    name: merge2
    version: 1.4.1
    engines: {node: '>= 8'}
    dev: false

  registry.npmmirror.com/micromatch/4.0.5:
    resolution: {integrity: sha512-DMy+ERcEW2q8Z2Po+WNXuw3c5YaUSFjAO5GsJqfEl7UjvtIuFKO6ZrKvcItdy98dwFI2N1tg3zNIdKaQT+aNdA==, registry: https://registry.npm.taobao.org/, tarball: https://registry.npmmirror.com/micromatch/-/micromatch-4.0.5.tgz}
    name: micromatch
    version: 4.0.5
    engines: {node: '>=8.6'}
    dependencies:
      braces: registry.npmmirror.com/braces/3.0.2
      picomatch: registry.npmmirror.com/picomatch/2.3.1
    dev: false

  registry.npmmirror.com/mimic-fn/2.1.0:
    resolution: {integrity: sha512-OqbOk5oEQeAZ8WXWydlu9HJjz9WVdEIvamMCcXmuqUYjTknH/sqsWvhQ3vgwKFRR1HpjvNBKQ37nbJgYzGqGcg==, registry: https://registry.npm.taobao.org/, tarball: https://registry.npmmirror.com/mimic-fn/-/mimic-fn-2.1.0.tgz}
    name: mimic-fn
    version: 2.1.0
    engines: {node: '>=6'}
    dev: false

  registry.npmmirror.com/mimic-fn/4.0.0:
    resolution: {integrity: sha512-vqiC06CuhBTUdZH+RYl8sFrL096vA45Ok5ISO6sE/Mr1jRbGH4Csnhi8f3wKVl7x8mO4Au7Ir9D3Oyv1VYMFJw==, registry: https://registry.npm.taobao.org/, tarball: https://registry.npmmirror.com/mimic-fn/-/mimic-fn-4.0.0.tgz}
    name: mimic-fn
    version: 4.0.0
    engines: {node: '>=12'}
    dev: false

  registry.npmmirror.com/ms/2.1.2:
    resolution: {integrity: sha512-sGkPx+VjMtmA6MX27oA4FBFELFCZZ4S4XqeGOXCv68tT+jb3vk/RyaKWP0PTKyWtmLSM0b+adUTEvbs1PEaH2w==, registry: https://registry.npm.taobao.org/, tarball: https://registry.npmmirror.com/ms/-/ms-2.1.2.tgz}
    name: ms
    version: 2.1.2
    dev: false

  registry.npmmirror.com/normalize-path/3.0.0:
    resolution: {integrity: sha512-6eZs5Ls3WtCisHWp9S2GUy8dqkpGi4BVSz3GaqiE6ezub0512ESztXUwUB6C6IKbQkY2Pnb/mD4WYojCRwcwLA==, registry: https://registry.npm.taobao.org/, tarball: https://registry.npmmirror.com/normalize-path/-/normalize-path-3.0.0.tgz}
    name: normalize-path
    version: 3.0.0
    engines: {node: '>=0.10.0'}
    dev: false

  registry.npmmirror.com/npm-run-path/5.1.0:
    resolution: {integrity: sha512-sJOdmRGrY2sjNTRMbSvluQqg+8X7ZK61yvzBEIDhz4f8z1TZFYABsqjjCBd/0PUNE9M6QDgHJXQkGUEm7Q+l9Q==, registry: https://registry.npm.taobao.org/, tarball: https://registry.npmmirror.com/npm-run-path/-/npm-run-path-5.1.0.tgz}
    name: npm-run-path
    version: 5.1.0
    engines: {node: ^12.20.0 || ^14.13.1 || >=16.0.0}
    dependencies:
      path-key: registry.npmmirror.com/path-key/4.0.0
    dev: false

  registry.npmmirror.com/object-inspect/1.12.3:
    resolution: {integrity: sha512-geUvdk7c+eizMNUDkRpW1wJwgfOiOeHbxBR/hLXK1aT6zmVSO0jsQcs7fj6MGw89jC/cjGfLcNOrtMYtGqm81g==, registry: https://registry.npm.taobao.org/, tarball: https://registry.npmmirror.com/object-inspect/-/object-inspect-1.12.3.tgz}
    name: object-inspect
    version: 1.12.3
    dev: false

  registry.npmmirror.com/onetime/5.1.2:
    resolution: {integrity: sha512-kbpaSSGJTWdAY5KPVeMOKXSrPtr8C8C7wodJbcsd51jRnmD+GZu8Y0VoU6Dm5Z4vWr0Ig/1NKuWRKf7j5aaYSg==, registry: https://registry.npm.taobao.org/, tarball: https://registry.npmmirror.com/onetime/-/onetime-5.1.2.tgz}
    name: onetime
    version: 5.1.2
    engines: {node: '>=6'}
    dependencies:
      mimic-fn: registry.npmmirror.com/mimic-fn/2.1.0
    dev: false

  registry.npmmirror.com/onetime/6.0.0:
    resolution: {integrity: sha512-1FlR+gjXK7X+AsAHso35MnyN5KqGwJRi/31ft6x0M194ht7S+rWAvd7PHss9xSKMzE0asv1pyIHaJYq+BbacAQ==, registry: https://registry.npm.taobao.org/, tarball: https://registry.npmmirror.com/onetime/-/onetime-6.0.0.tgz}
    name: onetime
    version: 6.0.0
    engines: {node: '>=12'}
    dependencies:
      mimic-fn: registry.npmmirror.com/mimic-fn/4.0.0
    dev: false

  registry.npmmirror.com/p-map/4.0.0:
    resolution: {integrity: sha512-/bjOqmgETBYB5BoEeGVea8dmvHb2m9GLy1E9W43yeyfP6QQCZGFNa+XRceJEuDB6zqr+gKpIAmlLebMpykw/MQ==, registry: https://registry.npm.taobao.org/, tarball: https://registry.npmmirror.com/p-map/-/p-map-4.0.0.tgz}
    name: p-map
    version: 4.0.0
    engines: {node: '>=10'}
    dependencies:
      aggregate-error: registry.npmmirror.com/aggregate-error/3.1.0
    dev: false

  registry.npmmirror.com/path-key/3.1.1:
    resolution: {integrity: sha512-ojmeN0qd+y0jszEtoY48r0Peq5dwMEkIlCOu6Q5f41lfkswXuKtYrhgoTpLnyIcHm24Uhqx+5Tqm2InSwLhE6Q==, registry: https://registry.npm.taobao.org/, tarball: https://registry.npmmirror.com/path-key/-/path-key-3.1.1.tgz}
    name: path-key
    version: 3.1.1
    engines: {node: '>=8'}
    dev: false

  registry.npmmirror.com/path-key/4.0.0:
    resolution: {integrity: sha512-haREypq7xkM7ErfgIyA0z+Bj4AGKlMSdlQE2jvJo6huWD1EdkKYV+G/T4nq0YEF2vgTT8kqMFKo1uHn950r4SQ==, registry: https://registry.npm.taobao.org/, tarball: https://registry.npmmirror.com/path-key/-/path-key-4.0.0.tgz}
    name: path-key
    version: 4.0.0
    engines: {node: '>=12'}
    dev: false

  registry.npmmirror.com/path-type/4.0.0:
    resolution: {integrity: sha512-gDKb8aZMDeD/tZWs9P6+q0J9Mwkdl6xMV8TjnGP3qJVJ06bdMgkbBlLU8IdfOsIsFz2BW1rNVT3XuNEl8zPAvw==, registry: https://registry.npm.taobao.org/, tarball: https://registry.npmmirror.com/path-type/-/path-type-4.0.0.tgz}
    name: path-type
    version: 4.0.0
    engines: {node: '>=8'}
    dev: false

  registry.npmmirror.com/picomatch/2.3.1:
    resolution: {integrity: sha512-JU3teHTNjmE2VCGFzuY8EXzCDVwEqB2a8fsIvwaStHhAWJEeVd1o1QD80CU6+ZdEXXSLbSsuLwJjkCBWqRQUVA==, registry: https://registry.npm.taobao.org/, tarball: https://registry.npmmirror.com/picomatch/-/picomatch-2.3.1.tgz}
    name: picomatch
    version: 2.3.1
    engines: {node: '>=8.6'}
    dev: false

  registry.npmmirror.com/pidtree/0.6.0:
    resolution: {integrity: sha512-eG2dWTVw5bzqGRztnHExczNxt5VGsE6OwTeCG3fdUf9KBsZzO3R5OIIIzWR+iZA0NtZ+RDVdaoE2dK1cn6jH4g==, registry: https://registry.npm.taobao.org/, tarball: https://registry.npmmirror.com/pidtree/-/pidtree-0.6.0.tgz}
    name: pidtree
    version: 0.6.0
    engines: {node: '>=0.10'}
    hasBin: true
    dev: false

  registry.npmmirror.com/prettier/2.8.4:
    resolution: {integrity: sha512-vIS4Rlc2FNh0BySk3Wkd6xmwxB0FpOndW5fisM5H8hsZSxU2VWVB5CWIkIjWvrHjIhxk2g3bfMKM87zNTrZddw==, registry: https://registry.npm.taobao.org/, tarball: https://registry.npmmirror.com/prettier/-/prettier-2.8.4.tgz}
    name: prettier
    version: 2.8.4
    engines: {node: '>=10.13.0'}
    hasBin: true
    dev: false

  registry.npmmirror.com/queue-microtask/1.2.3:
    resolution: {integrity: sha512-NuaNSa6flKT5JaSYQzJok04JzTL1CA6aGhv5rfLW3PgqA+M2ChpZQnAC8h8i4ZFkBS8X5RqkDBHA7r4hej3K9A==, registry: https://registry.npm.taobao.org/, tarball: https://registry.npmmirror.com/queue-microtask/-/queue-microtask-1.2.3.tgz}
    name: queue-microtask
    version: 1.2.3
    dev: false

  registry.npmmirror.com/restore-cursor/3.1.0:
    resolution: {integrity: sha512-l+sSefzHpj5qimhFSE5a8nufZYAM3sBSVMAPtYkmC+4EH2anSGaEMXSD0izRQbu9nfyQ9y5JrVmp7E8oZrUjvA==, registry: https://registry.npm.taobao.org/, tarball: https://registry.npmmirror.com/restore-cursor/-/restore-cursor-3.1.0.tgz}
    name: restore-cursor
    version: 3.1.0
    engines: {node: '>=8'}
    dependencies:
      onetime: registry.npmmirror.com/onetime/5.1.2
      signal-exit: registry.npmmirror.com/signal-exit/3.0.7
    dev: false

  registry.npmmirror.com/reusify/1.0.4:
    resolution: {integrity: sha512-U9nH88a3fc/ekCF1l0/UP1IosiuIjyTh7hBvXVMHYgVcfGvt897Xguj2UOLDeI5BG2m7/uwyaLVT6fbtCwTyzw==, registry: https://registry.npm.taobao.org/, tarball: https://registry.npmmirror.com/reusify/-/reusify-1.0.4.tgz}
    name: reusify
    version: 1.0.4
    engines: {iojs: '>=1.0.0', node: '>=0.10.0'}
    dev: false

  registry.npmmirror.com/rfdc/1.3.0:
    resolution: {integrity: sha512-V2hovdzFbOi77/WajaSMXk2OLm+xNIeQdMMuB7icj7bk6zi2F8GGAxigcnDFpJHbNyNcgyJDiP+8nOrY5cZGrA==, registry: https://registry.npm.taobao.org/, tarball: https://registry.npmmirror.com/rfdc/-/rfdc-1.3.0.tgz}
    name: rfdc
    version: 1.3.0
    dev: false

  registry.npmmirror.com/run-parallel/1.2.0:
    resolution: {integrity: sha512-5l4VyZR86LZ/lDxZTR6jqL8AFE2S0IFLMP26AbjsLVADxHdhB/c0GUsH+y39UfCi3dzz8OlQuPmnaJOMoDHQBA==, registry: https://registry.npm.taobao.org/, tarball: https://registry.npmmirror.com/run-parallel/-/run-parallel-1.2.0.tgz}
    name: run-parallel
    version: 1.2.0
    dependencies:
      queue-microtask: registry.npmmirror.com/queue-microtask/1.2.3
    dev: false

  registry.npmmirror.com/rxjs/7.8.0:
    resolution: {integrity: sha512-F2+gxDshqmIub1KdvZkaEfGDwLNpPvk9Fs6LD/MyQxNgMds/WH9OdDDXOmxUZpME+iSK3rQCctkL0DYyytUqMg==, registry: https://registry.npm.taobao.org/, tarball: https://registry.npmmirror.com/rxjs/-/rxjs-7.8.0.tgz}
    name: rxjs
    version: 7.8.0
    dependencies:
      tslib: registry.npmmirror.com/tslib/2.5.0
    dev: false

  registry.npmmirror.com/shebang-command/2.0.0:
    resolution: {integrity: sha512-kHxr2zZpYtdmrN1qDjrrX/Z1rR1kG8Dx+gkpK1G4eXmvXswmcE1hTWBWYUzlraYw1/yZp6YuDY77YtvbN0dmDA==, registry: https://registry.npm.taobao.org/, tarball: https://registry.npmmirror.com/shebang-command/-/shebang-command-2.0.0.tgz}
    name: shebang-command
    version: 2.0.0
    engines: {node: '>=8'}
    dependencies:
      shebang-regex: registry.npmmirror.com/shebang-regex/3.0.0
    dev: false

  registry.npmmirror.com/shebang-regex/3.0.0:
    resolution: {integrity: sha512-7++dFhtcx3353uBaq8DDR4NuxBetBzC7ZQOhmTQInHEd6bSrXdiEyzCvG07Z44UYdLShWUyXt5M/yhz8ekcb1A==, registry: https://registry.npm.taobao.org/, tarball: https://registry.npmmirror.com/shebang-regex/-/shebang-regex-3.0.0.tgz}
    name: shebang-regex
    version: 3.0.0
    engines: {node: '>=8'}
    dev: false

  registry.npmmirror.com/signal-exit/3.0.7:
    resolution: {integrity: sha512-wnD2ZE+l+SPC/uoS0vXeE9L1+0wuaMqKlfz9AMUo38JsyLSBWSFcHR1Rri62LZc12vLr1gb3jl7iwQhgwpAbGQ==, registry: https://registry.npm.taobao.org/, tarball: https://registry.npmmirror.com/signal-exit/-/signal-exit-3.0.7.tgz}
    name: signal-exit
    version: 3.0.7
    dev: false

  registry.npmmirror.com/slash/4.0.0:
    resolution: {integrity: sha512-3dOsAHXXUkQTpOYcoAxLIorMTp4gIQr5IW3iVb7A7lFIp0VHhnynm9izx6TssdrIcVIESAlVjtnO2K8bg+Coew==, registry: https://registry.npm.taobao.org/, tarball: https://registry.npmmirror.com/slash/-/slash-4.0.0.tgz}
    name: slash
    version: 4.0.0
    engines: {node: '>=12'}
    dev: false

  registry.npmmirror.com/slice-ansi/3.0.0:
    resolution: {integrity: sha512-pSyv7bSTC7ig9Dcgbw9AuRNUb5k5V6oDudjZoMBSr13qpLBG7tB+zgCkARjq7xIUgdz5P1Qe8u+rSGdouOOIyQ==, registry: https://registry.npm.taobao.org/, tarball: https://registry.npmmirror.com/slice-ansi/-/slice-ansi-3.0.0.tgz}
    name: slice-ansi
    version: 3.0.0
    engines: {node: '>=8'}
    dependencies:
      ansi-styles: registry.npmmirror.com/ansi-styles/4.3.0
      astral-regex: registry.npmmirror.com/astral-regex/2.0.0
      is-fullwidth-code-point: registry.npmmirror.com/is-fullwidth-code-point/3.0.0
    dev: false

  registry.npmmirror.com/slice-ansi/4.0.0:
    resolution: {integrity: sha512-qMCMfhY040cVHT43K9BFygqYbUPFZKHOg7K73mtTWJRb8pyP3fzf4Ixd5SzdEJQ6MRUg/WBnOLxghZtKKurENQ==, registry: https://registry.npm.taobao.org/, tarball: https://registry.npmmirror.com/slice-ansi/-/slice-ansi-4.0.0.tgz}
    name: slice-ansi
    version: 4.0.0
    engines: {node: '>=10'}
    dependencies:
      ansi-styles: registry.npmmirror.com/ansi-styles/4.3.0
      astral-regex: registry.npmmirror.com/astral-regex/2.0.0
      is-fullwidth-code-point: registry.npmmirror.com/is-fullwidth-code-point/3.0.0
    dev: false

  registry.npmmirror.com/slice-ansi/5.0.0:
    resolution: {integrity: sha512-FC+lgizVPfie0kkhqUScwRu1O/lF6NOgJmlCgK+/LYxDCTk8sGelYaHDhFcDN+Sn3Cv+3VSa4Byeo+IMCzpMgQ==, registry: https://registry.npm.taobao.org/, tarball: https://registry.npmmirror.com/slice-ansi/-/slice-ansi-5.0.0.tgz}
    name: slice-ansi
    version: 5.0.0
    engines: {node: '>=12'}
    dependencies:
      ansi-styles: registry.npmmirror.com/ansi-styles/6.2.1
      is-fullwidth-code-point: registry.npmmirror.com/is-fullwidth-code-point/4.0.0
    dev: false

  registry.npmmirror.com/string-argv/0.3.1:
    resolution: {integrity: sha512-a1uQGz7IyVy9YwhqjZIZu1c8JO8dNIe20xBmSS6qu9kv++k3JGzCVmprbNN5Kn+BgzD5E7YYwg1CcjuJMRNsvg==, registry: https://registry.npm.taobao.org/, tarball: https://registry.npmmirror.com/string-argv/-/string-argv-0.3.1.tgz}
    name: string-argv
    version: 0.3.1
    engines: {node: '>=0.6.19'}
    dev: false

  registry.npmmirror.com/string-width/4.2.3:
    resolution: {integrity: sha512-wKyQRQpjJ0sIp62ErSZdGsjMJWsap5oRNihHhu6G7JVO/9jIB6UyevL+tXuOqrng8j/cxKTWyWUwvSTriiZz/g==, registry: https://registry.npm.taobao.org/, tarball: https://registry.npmmirror.com/string-width/-/string-width-4.2.3.tgz}
    name: string-width
    version: 4.2.3
    engines: {node: '>=8'}
    dependencies:
      emoji-regex: registry.npmmirror.com/emoji-regex/8.0.0
      is-fullwidth-code-point: registry.npmmirror.com/is-fullwidth-code-point/3.0.0
      strip-ansi: registry.npmmirror.com/strip-ansi/6.0.1
    dev: false

  registry.npmmirror.com/string-width/5.1.2:
    resolution: {integrity: sha512-HnLOCR3vjcY8beoNLtcjZ5/nxn2afmME6lhrDrebokqMap+XbeW8n9TXpPDOqdGK5qcI3oT0GKTW6wC7EMiVqA==, registry: https://registry.npm.taobao.org/, tarball: https://registry.npmmirror.com/string-width/-/string-width-5.1.2.tgz}
    name: string-width
    version: 5.1.2
    engines: {node: '>=12'}
    dependencies:
      eastasianwidth: registry.npmmirror.com/eastasianwidth/0.2.0
      emoji-regex: registry.npmmirror.com/emoji-regex/9.2.2
      strip-ansi: registry.npmmirror.com/strip-ansi/7.0.1
    dev: false

  registry.npmmirror.com/strip-ansi/6.0.1:
    resolution: {integrity: sha512-Y38VPSHcqkFrCpFnQ9vuSXmquuv5oXOKpGeT6aGrr3o3Gc9AlVa6JBfUSOCnbxGGZF+/0ooI7KrPuUSztUdU5A==, registry: https://registry.npm.taobao.org/, tarball: https://registry.npmmirror.com/strip-ansi/-/strip-ansi-6.0.1.tgz}
    name: strip-ansi
    version: 6.0.1
    engines: {node: '>=8'}
    dependencies:
      ansi-regex: registry.npmmirror.com/ansi-regex/5.0.1
    dev: false

  registry.npmmirror.com/strip-ansi/7.0.1:
    resolution: {integrity: sha512-cXNxvT8dFNRVfhVME3JAe98mkXDYN2O1l7jmcwMnOslDeESg1rF/OZMtK0nRAhiari1unG5cD4jG3rapUAkLbw==, registry: https://registry.npm.taobao.org/, tarball: https://registry.npmmirror.com/strip-ansi/-/strip-ansi-7.0.1.tgz}
    name: strip-ansi
    version: 7.0.1
    engines: {node: '>=12'}
    dependencies:
      ansi-regex: registry.npmmirror.com/ansi-regex/6.0.1
    dev: false

  registry.npmmirror.com/strip-final-newline/3.0.0:
    resolution: {integrity: sha512-dOESqjYr96iWYylGObzd39EuNTa5VJxyvVAEm5Jnh7KGo75V43Hk1odPQkNDyXNmUR6k+gEiDVXnjB8HJ3crXw==, registry: https://registry.npm.taobao.org/, tarball: https://registry.npmmirror.com/strip-final-newline/-/strip-final-newline-3.0.0.tgz}
    name: strip-final-newline
    version: 3.0.0
    engines: {node: '>=12'}
    dev: false

  registry.npmmirror.com/strip-json-comments/5.0.0:
    resolution: {integrity: sha512-V1LGY4UUo0jgwC+ELQ2BNWfPa17TIuwBLg+j1AA/9RPzKINl1lhxVEu2r+ZTTO8aetIsUzE5Qj6LMSBkoGYKKw==, registry: https://registry.npm.taobao.org/, tarball: https://registry.npmmirror.com/strip-json-comments/-/strip-json-comments-5.0.0.tgz}
    name: strip-json-comments
    version: 5.0.0
    engines: {node: '>=14.16'}
    dev: false

  registry.npmmirror.com/through/2.3.8:
    resolution: {integrity: sha512-w89qg7PI8wAdvX60bMDP+bFoD5Dvhm9oLheFp5O4a2QF0cSBGsBX4qZmadPMvVqlLJBBci+WqGGOAPvcDeNSVg==, registry: https://registry.npm.taobao.org/, tarball: https://registry.npmmirror.com/through/-/through-2.3.8.tgz}
    name: through
    version: 2.3.8
    dev: false

  registry.npmmirror.com/to-regex-range/5.0.1:
    resolution: {integrity: sha512-65P7iz6X5yEr1cwcgvQxbbIw7Uk3gOy5dIdtZ4rDveLqhrdJP+Li/Hx6tyK0NEb+2GCyneCMJiGqrADCSNk8sQ==, registry: https://registry.npm.taobao.org/, tarball: https://registry.npmmirror.com/to-regex-range/-/to-regex-range-5.0.1.tgz}
    name: to-regex-range
    version: 5.0.1
    engines: {node: '>=8.0'}
    dependencies:
      is-number: registry.npmmirror.com/is-number/7.0.0
    dev: false

  registry.npmmirror.com/tslib/2.5.0:
    resolution: {integrity: sha512-336iVw3rtn2BUK7ORdIAHTyxHGRIHVReokCR3XjbckJMK7ms8FysBfhLR8IXnAgy7T0PTPNBWKiH514FOW/WSg==, registry: https://registry.npm.taobao.org/, tarball: https://registry.npmmirror.com/tslib/-/tslib-2.5.0.tgz}
    name: tslib
    version: 2.5.0
    dev: false

  registry.npmmirror.com/type-fest/0.21.3:
    resolution: {integrity: sha512-t0rzBq87m3fVcduHDUFhKmyyX+9eo6WQjZvf51Ea/M0Q7+T374Jp1aUiyUl0GKxp8M/OETVHSDvmkyPgvX+X2w==, registry: https://registry.npm.taobao.org/, tarball: https://registry.npmmirror.com/type-fest/-/type-fest-0.21.3.tgz}
    name: type-fest
    version: 0.21.3
    engines: {node: '>=10'}
    dev: false

  registry.npmmirror.com/uc.micro/1.0.6:
    resolution: {integrity: sha512-8Y75pvTYkLJW2hWQHXxoqRgV7qb9B+9vFEtidML+7koHUFapnVJAZ6cKs+Qjz5Aw3aZWHMC6u0wJE3At+nSGwA==, registry: https://registry.npm.taobao.org/, tarball: https://registry.npmmirror.com/uc.micro/-/uc.micro-1.0.6.tgz}
    name: uc.micro
    version: 1.0.6
    dev: false

  registry.npmmirror.com/which/2.0.2:
    resolution: {integrity: sha512-BLI3Tl1TW3Pvl70l3yq3Y64i+awpwXqsGBYWkkqMtnbXgrMD+yj7rhW0kuEDxzJaYXGjEW5ogapKNMEKNMjibA==, registry: https://registry.npm.taobao.org/, tarball: https://registry.npmmirror.com/which/-/which-2.0.2.tgz}
    name: which
    version: 2.0.2
    engines: {node: '>= 8'}
    hasBin: true
    dependencies:
      isexe: registry.npmmirror.com/isexe/2.0.0
    dev: false

  registry.npmmirror.com/wrap-ansi/6.2.0:
    resolution: {integrity: sha512-r6lPcBGxZXlIcymEu7InxDMhdW0KDxpLgoFLcguasxCaJ/SOIZwINatK9KY/tf+ZrlywOKU0UDj3ATXUBfxJXA==, registry: https://registry.npm.taobao.org/, tarball: https://registry.npmmirror.com/wrap-ansi/-/wrap-ansi-6.2.0.tgz}
    name: wrap-ansi
    version: 6.2.0
    engines: {node: '>=8'}
    dependencies:
      ansi-styles: registry.npmmirror.com/ansi-styles/4.3.0
      string-width: registry.npmmirror.com/string-width/4.2.3
      strip-ansi: registry.npmmirror.com/strip-ansi/6.0.1
    dev: false

  registry.npmmirror.com/wrap-ansi/7.0.0:
    resolution: {integrity: sha512-YVGIj2kamLSTxw6NsZjoBxfSwsn0ycdesmc4p+Q21c5zPuZ1pl+NfxVdxPtdHvmNVOQ6XSYG4AUtyt/Fi7D16Q==, registry: https://registry.npm.taobao.org/, tarball: https://registry.npmmirror.com/wrap-ansi/-/wrap-ansi-7.0.0.tgz}
    name: wrap-ansi
    version: 7.0.0
    engines: {node: '>=10'}
    dependencies:
      ansi-styles: registry.npmmirror.com/ansi-styles/4.3.0
      string-width: registry.npmmirror.com/string-width/4.2.3
      strip-ansi: registry.npmmirror.com/strip-ansi/6.0.1
    dev: false

  registry.npmmirror.com/yaml/2.2.1:
    resolution: {integrity: sha512-e0WHiYql7+9wr4cWMx3TVQrNwejKaEe7/rHNmQmqRjazfOP5W8PB6Jpebb5o6fIapbz9o9+2ipcaTM2ZwDI6lw==, registry: https://registry.npm.taobao.org/, tarball: https://registry.npmmirror.com/yaml/-/yaml-2.2.1.tgz}
    name: yaml
    version: 2.2.1
    engines: {node: '>= 14'}
    dev: false
